// !$*UTF8*$!
{
	archiveVersion = 1;
	classes = {
	};
	objectVersion = 50;
	objects = {

/* Begin PBXBuildFile section */
		0A91F81323868E0300C4D20C /* AppDelegate.swift in Sources */ = {isa = PBXBuildFile; fileRef = 0A91F81223868E0300C4D20C /* AppDelegate.swift */; };
		0A91F81523868E0300C4D20C /* SceneDelegate.swift in Sources */ = {isa = PBXBuildFile; fileRef = 0A91F81423868E0300C4D20C /* SceneDelegate.swift */; };
		0A91F81723868E0300C4D20C /* ViewController.swift in Sources */ = {isa = PBXBuildFile; fileRef = 0A91F81623868E0300C4D20C /* ViewController.swift */; };
		0A91F81A23868E0300C4D20C /* Main.storyboard in Resources */ = {isa = PBXBuildFile; fileRef = 0A91F81823868E0300C4D20C /* Main.storyboard */; };
		0A91F81C23868E0700C4D20C /* Assets.xcassets in Resources */ = {isa = PBXBuildFile; fileRef = 0A91F81B23868E0700C4D20C /* Assets.xcassets */; };
		0A91F81F23868E0700C4D20C /* LaunchScreen.storyboard in Resources */ = {isa = PBXBuildFile; fileRef = 0A91F81D23868E0700C4D20C /* LaunchScreen.storyboard */; };
		0A91F82A23868E0700C4D20C /* GMFileReqTests.swift in Sources */ = {isa = PBXBuildFile; fileRef = 0A91F82923868E0700C4D20C /* GMFileReqTests.swift */; };
		0A91F83523868E0700C4D20C /* GMFileReqUITests.swift in Sources */ = {isa = PBXBuildFile; fileRef = 0A91F83423868E0700C4D20C /* GMFileReqUITests.swift */; };
/* End PBXBuildFile section */

/* Begin PBXContainerItemProxy section */
		0A91F82623868E0700C4D20C /* PBXContainerItemProxy */ = {
			isa = PBXContainerItemProxy;
			containerPortal = 0A91F80723868E0300C4D20C /* Project object */;
			proxyType = 1;
			remoteGlobalIDString = 0A91F80E23868E0300C4D20C;
			remoteInfo = GMFileReq;
		};
		0A91F83123868E0700C4D20C /* PBXContainerItemProxy */ = {
			isa = PBXContainerItemProxy;
			containerPortal = 0A91F80723868E0300C4D20C /* Project object */;
			proxyType = 1;
			remoteGlobalIDString = 0A91F80E23868E0300C4D20C;
			remoteInfo = GMFileReq;
		};
/* End PBXContainerItemProxy section */

/* Begin PBXFileReference section */
		0A91F80F23868E0300C4D20C /* GMFileReq.app */ = {isa = PBXFileReference; explicitFileType = wrapper.application; includeInIndex = 0; path = GMFileReq.app; sourceTree = BUILT_PRODUCTS_DIR; };
		0A91F81223868E0300C4D20C /* AppDelegate.swift */ = {isa = PBXFileReference; lastKnownFileType = sourcecode.swift; path = AppDelegate.swift; sourceTree = "<group>"; };
		0A91F81423868E0300C4D20C /* SceneDelegate.swift */ = {isa = PBXFileReference; lastKnownFileType = sourcecode.swift; path = SceneDelegate.swift; sourceTree = "<group>"; };
		0A91F81623868E0300C4D20C /* ViewController.swift */ = {isa = PBXFileReference; lastKnownFileType = sourcecode.swift; path = ViewController.swift; sourceTree = "<group>"; };
		0A91F81923868E0300C4D20C /* Base */ = {isa = PBXFileReference; lastKnownFileType = file.storyboard; name = Base; path = Base.lproj/Main.storyboard; sourceTree = "<group>"; };
		0A91F81B23868E0700C4D20C /* Assets.xcassets */ = {isa = PBXFileReference; lastKnownFileType = folder.assetcatalog; path = Assets.xcassets; sourceTree = "<group>"; };
		0A91F81E23868E0700C4D20C /* Base */ = {isa = PBXFileReference; lastKnownFileType = file.storyboard; name = Base; path = Base.lproj/LaunchScreen.storyboard; sourceTree = "<group>"; };
		0A91F82023868E0700C4D20C /* Info.plist */ = {isa = PBXFileReference; lastKnownFileType = text.plist.xml; path = Info.plist; sourceTree = "<group>"; };
		0A91F82523868E0700C4D20C /* GMFileReqTests.xctest */ = {isa = PBXFileReference; explicitFileType = wrapper.cfbundle; includeInIndex = 0; path = GMFileReqTests.xctest; sourceTree = BUILT_PRODUCTS_DIR; };
		0A91F82923868E0700C4D20C /* GMFileReqTests.swift */ = {isa = PBXFileReference; lastKnownFileType = sourcecode.swift; path = GMFileReqTests.swift; sourceTree = "<group>"; };
		0A91F82B23868E0700C4D20C /* Info.plist */ = {isa = PBXFileReference; lastKnownFileType = text.plist.xml; path = Info.plist; sourceTree = "<group>"; };
		0A91F83023868E0700C4D20C /* GMFileReqUITests.xctest */ = {isa = PBXFileReference; explicitFileType = wrapper.cfbundle; includeInIndex = 0; path = GMFileReqUITests.xctest; sourceTree = BUILT_PRODUCTS_DIR; };
		0A91F83423868E0700C4D20C /* GMFileReqUITests.swift */ = {isa = PBXFileReference; lastKnownFileType = sourcecode.swift; path = GMFileReqUITests.swift; sourceTree = "<group>"; };
		0A91F83623868E0700C4D20C /* Info.plist */ = {isa = PBXFileReference; lastKnownFileType = text.plist.xml; path = Info.plist; sourceTree = "<group>"; };
/* End PBXFileReference section */

/* Begin PBXFrameworksBuildPhase section */
		0A91F80C23868E0300C4D20C /* Frameworks */ = {
			isa = PBXFrameworksBuildPhase;
			buildActionMask = 2147483647;
			files = (
			);
			runOnlyForDeploymentPostprocessing = 0;
		};
		0A91F82223868E0700C4D20C /* Frameworks */ = {
			isa = PBXFrameworksBuildPhase;
			buildActionMask = 2147483647;
			files = (
			);
			runOnlyForDeploymentPostprocessing = 0;
		};
		0A91F82D23868E0700C4D20C /* Frameworks */ = {
			isa = PBXFrameworksBuildPhase;
			buildActionMask = 2147483647;
			files = (
			);
			runOnlyForDeploymentPostprocessing = 0;
		};
/* End PBXFrameworksBuildPhase section */

/* Begin PBXGroup section */
		0A91F80623868E0300C4D20C = {
			isa = PBXGroup;
			children = (
				0A91F81123868E0300C4D20C /* GMFileReq */,
				0A91F82823868E0700C4D20C /* GMFileReqTests */,
				0A91F83323868E0700C4D20C /* GMFileReqUITests */,
				0A91F81023868E0300C4D20C /* Products */,
			);
			sourceTree = "<group>";
		};
		0A91F81023868E0300C4D20C /* Products */ = {
			isa = PBXGroup;
			children = (
				0A91F80F23868E0300C4D20C /* GMFileReq.app */,
				0A91F82523868E0700C4D20C /* GMFileReqTests.xctest */,
				0A91F83023868E0700C4D20C /* GMFileReqUITests.xctest */,
			);
			name = Products;
			sourceTree = "<group>";
		};
		0A91F81123868E0300C4D20C /* GMFileReq */ = {
			isa = PBXGroup;
			children = (
				0A91F81223868E0300C4D20C /* AppDelegate.swift */,
				0A91F81423868E0300C4D20C /* SceneDelegate.swift */,
				0A91F81623868E0300C4D20C /* ViewController.swift */,
				0A91F81823868E0300C4D20C /* Main.storyboard */,
				0A91F81B23868E0700C4D20C /* Assets.xcassets */,
				0A91F81D23868E0700C4D20C /* LaunchScreen.storyboard */,
				0A91F82023868E0700C4D20C /* Info.plist */,
			);
			path = GMFileReq;
			sourceTree = "<group>";
		};
		0A91F82823868E0700C4D20C /* GMFileReqTests */ = {
			isa = PBXGroup;
			children = (
				0A91F82923868E0700C4D20C /* GMFileReqTests.swift */,
				0A91F82B23868E0700C4D20C /* Info.plist */,
			);
			path = GMFileReqTests;
			sourceTree = "<group>";
		};
		0A91F83323868E0700C4D20C /* GMFileReqUITests */ = {
			isa = PBXGroup;
			children = (
				0A91F83423868E0700C4D20C /* GMFileReqUITests.swift */,
				0A91F83623868E0700C4D20C /* Info.plist */,
			);
			path = GMFileReqUITests;
			sourceTree = "<group>";
		};
/* End PBXGroup section */

/* Begin PBXNativeTarget section */
		0A91F80E23868E0300C4D20C /* GMFileReq */ = {
			isa = PBXNativeTarget;
			buildConfigurationList = 0A91F83923868E0700C4D20C /* Build configuration list for PBXNativeTarget "GMFileReq" */;
			buildPhases = (
				0A91F80B23868E0300C4D20C /* Sources */,
				0A91F80C23868E0300C4D20C /* Frameworks */,
				0A91F80D23868E0300C4D20C /* Resources */,
			);
			buildRules = (
			);
			dependencies = (
			);
			name = GMFileReq;
			productName = GMFileReq;
			productReference = 0A91F80F23868E0300C4D20C /* GMFileReq.app */;
			productType = "com.apple.product-type.application";
		};
		0A91F82423868E0700C4D20C /* GMFileReqTests */ = {
			isa = PBXNativeTarget;
			buildConfigurationList = 0A91F83C23868E0700C4D20C /* Build configuration list for PBXNativeTarget "GMFileReqTests" */;
			buildPhases = (
				0A91F82123868E0700C4D20C /* Sources */,
				0A91F82223868E0700C4D20C /* Frameworks */,
				0A91F82323868E0700C4D20C /* Resources */,
			);
			buildRules = (
			);
			dependencies = (
				0A91F82723868E0700C4D20C /* PBXTargetDependency */,
			);
			name = GMFileReqTests;
			productName = GMFileReqTests;
			productReference = 0A91F82523868E0700C4D20C /* GMFileReqTests.xctest */;
			productType = "com.apple.product-type.bundle.unit-test";
		};
		0A91F82F23868E0700C4D20C /* GMFileReqUITests */ = {
			isa = PBXNativeTarget;
			buildConfigurationList = 0A91F83F23868E0700C4D20C /* Build configuration list for PBXNativeTarget "GMFileReqUITests" */;
			buildPhases = (
				0A91F82C23868E0700C4D20C /* Sources */,
				0A91F82D23868E0700C4D20C /* Frameworks */,
				0A91F82E23868E0700C4D20C /* Resources */,
			);
			buildRules = (
			);
			dependencies = (
				0A91F83223868E0700C4D20C /* PBXTargetDependency */,
			);
			name = GMFileReqUITests;
			productName = GMFileReqUITests;
			productReference = 0A91F83023868E0700C4D20C /* GMFileReqUITests.xctest */;
			productType = "com.apple.product-type.bundle.ui-testing";
		};
/* End PBXNativeTarget section */

/* Begin PBXProject section */
		0A91F80723868E0300C4D20C /* Project object */ = {
			isa = PBXProject;
			attributes = {
				LastSwiftUpdateCheck = 1110;
				LastUpgradeCheck = 1110;
				ORGANIZATIONNAME = Gome;
				TargetAttributes = {
					0A91F80E23868E0300C4D20C = {
						CreatedOnToolsVersion = 11.1;
					};
					0A91F82423868E0700C4D20C = {
						CreatedOnToolsVersion = 11.1;
						TestTargetID = 0A91F80E23868E0300C4D20C;
					};
					0A91F82F23868E0700C4D20C = {
						CreatedOnToolsVersion = 11.1;
						TestTargetID = 0A91F80E23868E0300C4D20C;
					};
				};
			};
			buildConfigurationList = 0A91F80A23868E0300C4D20C /* Build configuration list for PBXProject "GMFileReq" */;
			compatibilityVersion = "Xcode 9.3";
			developmentRegion = en;
			hasScannedForEncodings = 0;
			knownRegions = (
				en,
				Base,
			);
			mainGroup = 0A91F80623868E0300C4D20C;
			productRefGroup = 0A91F81023868E0300C4D20C /* Products */;
			projectDirPath = "";
			projectRoot = "";
			targets = (
				0A91F80E23868E0300C4D20C /* GMFileReq */,
				0A91F82423868E0700C4D20C /* GMFileReqTests */,
				0A91F82F23868E0700C4D20C /* GMFileReqUITests */,
			);
		};
/* End PBXProject section */

/* Begin PBXResourcesBuildPhase section */
		0A91F80D23868E0300C4D20C /* Resources */ = {
			isa = PBXResourcesBuildPhase;
			buildActionMask = 2147483647;
			files = (
				0A91F81F23868E0700C4D20C /* LaunchScreen.storyboard in Resources */,
				0A91F81C23868E0700C4D20C /* Assets.xcassets in Resources */,
				0A91F81A23868E0300C4D20C /* Main.storyboard in Resources */,
			);
			runOnlyForDeploymentPostprocessing = 0;
		};
		0A91F82323868E0700C4D20C /* Resources */ = {
			isa = PBXResourcesBuildPhase;
			buildActionMask = 2147483647;
			files = (
			);
			runOnlyForDeploymentPostprocessing = 0;
		};
		0A91F82E23868E0700C4D20C /* Resources */ = {
			isa = PBXResourcesBuildPhase;
			buildActionMask = 2147483647;
			files = (
			);
			runOnlyForDeploymentPostprocessing = 0;
		};
/* End PBXResourcesBuildPhase section */

/* Begin PBXSourcesBuildPhase section */
		0A91F80B23868E0300C4D20C /* Sources */ = {
			isa = PBXSourcesBuildPhase;
			buildActionMask = 2147483647;
			files = (
				0A91F81723868E0300C4D20C /* ViewController.swift in Sources */,
				0A91F81323868E0300C4D20C /* AppDelegate.swift in Sources */,
				0A91F81523868E0300C4D20C /* SceneDelegate.swift in Sources */,
			);
			runOnlyForDeploymentPostprocessing = 0;
		};
		0A91F82123868E0700C4D20C /* Sources */ = {
			isa = PBXSourcesBuildPhase;
			buildActionMask = 2147483647;
			files = (
				0A91F82A23868E0700C4D20C /* GMFileReqTests.swift in Sources */,
			);
			runOnlyForDeploymentPostprocessing = 0;
		};
		0A91F82C23868E0700C4D20C /* Sources */ = {
			isa = PBXSourcesBuildPhase;
			buildActionMask = 2147483647;
			files = (
				0A91F83523868E0700C4D20C /* GMFileReqUITests.swift in Sources */,
			);
			runOnlyForDeploymentPostprocessing = 0;
		};
/* End PBXSourcesBuildPhase section */

/* Begin PBXTargetDependency section */
		0A91F82723868E0700C4D20C /* PBXTargetDependency */ = {
			isa = PBXTargetDependency;
			target = 0A91F80E23868E0300C4D20C /* GMFileReq */;
			targetProxy = 0A91F82623868E0700C4D20C /* PBXContainerItemProxy */;
		};
		0A91F83223868E0700C4D20C /* PBXTargetDependency */ = {
			isa = PBXTargetDependency;
			target = 0A91F80E23868E0300C4D20C /* GMFileReq */;
			targetProxy = 0A91F83123868E0700C4D20C /* PBXContainerItemProxy */;
		};
/* End PBXTargetDependency section */

/* Begin PBXVariantGroup section */
		0A91F81823868E0300C4D20C /* Main.storyboard */ = {
			isa = PBXVariantGroup;
			children = (
				0A91F81923868E0300C4D20C /* Base */,
			);
			name = Main.storyboard;
			sourceTree = "<group>";
		};
		0A91F81D23868E0700C4D20C /* LaunchScreen.storyboard */ = {
			isa = PBXVariantGroup;
			children = (
				0A91F81E23868E0700C4D20C /* Base */,
			);
			name = LaunchScreen.storyboard;
			sourceTree = "<group>";
		};
/* End PBXVariantGroup section */

/* Begin XCBuildConfiguration section */
		0A91F83723868E0700C4D20C /* Debug */ = {
			isa = XCBuildConfiguration;
			buildSettings = {
				ALWAYS_SEARCH_USER_PATHS = NO;
				CLANG_ANALYZER_NONNULL = YES;
				CLANG_ANALYZER_NUMBER_OBJECT_CONVERSION = YES_AGGRESSIVE;
				CLANG_CXX_LANGUAGE_STANDARD = "gnu++14";
				CLANG_CXX_LIBRARY = "libc++";
				CLANG_ENABLE_MODULES = YES;
				CLANG_ENABLE_OBJC_ARC = YES;
				CLANG_ENABLE_OBJC_WEAK = YES;
				CLANG_WARN_BLOCK_CAPTURE_AUTORELEASING = YES;
				CLANG_WARN_BOOL_CONVERSION = YES;
				CLANG_WARN_COMMA = YES;
				CLANG_WARN_CONSTANT_CONVERSION = YES;
				CLANG_WARN_DEPRECATED_OBJC_IMPLEMENTATIONS = YES;
				CLANG_WARN_DIRECT_OBJC_ISA_USAGE = YES_ERROR;
				CLANG_WARN_DOCUMENTATION_COMMENTS = YES;
				CLANG_WARN_EMPTY_BODY = YES;
				CLANG_WARN_ENUM_CONVERSION = YES;
				CLANG_WARN_INFINITE_RECURSION = YES;
				CLANG_WARN_INT_CONVERSION = YES;
				CLANG_WARN_NON_LITERAL_NULL_CONVERSION = YES;
				CLANG_WARN_OBJC_IMPLICIT_RETAIN_SELF = YES;
				CLANG_WARN_OBJC_LITERAL_CONVERSION = YES;
				CLANG_WARN_OBJC_ROOT_CLASS = YES_ERROR;
				CLANG_WARN_RANGE_LOOP_ANALYSIS = YES;
				CLANG_WARN_STRICT_PROTOTYPES = YES;
				CLANG_WARN_SUSPICIOUS_MOVE = YES;
				CLANG_WARN_UNGUARDED_AVAILABILITY = YES_AGGRESSIVE;
				CLANG_WARN_UNREACHABLE_CODE = YES;
				CLANG_WARN__DUPLICATE_METHOD_MATCH = YES;
				COPY_PHASE_STRIP = NO;
				DEBUG_INFORMATION_FORMAT = dwarf;
				ENABLE_STRICT_OBJC_MSGSEND = YES;
				ENABLE_TESTABILITY = YES;
				GCC_C_LANGUAGE_STANDARD = gnu11;
				GCC_DYNAMIC_NO_PIC = NO;
				GCC_NO_COMMON_BLOCKS = YES;
				GCC_OPTIMIZATION_LEVEL = 0;
				GCC_PREPROCESSOR_DEFINITIONS = (
					"DEBUG=1",
					"$(inherited)",
				);
				GCC_WARN_64_TO_32_BIT_CONVERSION = YES;
				GCC_WARN_ABOUT_RETURN_TYPE = YES_ERROR;
				GCC_WARN_UNDECLARED_SELECTOR = YES;
				GCC_WARN_UNINITIALIZED_AUTOS = YES_AGGRESSIVE;
				GCC_WARN_UNUSED_FUNCTION = YES;
				GCC_WARN_UNUSED_VARIABLE = YES;
				IPHONEOS_DEPLOYMENT_TARGET = 13.1;
				MTL_ENABLE_DEBUG_INFO = INCLUDE_SOURCE;
				MTL_FAST_MATH = YES;
				ONLY_ACTIVE_ARCH = YES;
				SDKROOT = iphoneos;
				SWIFT_ACTIVE_COMPILATION_CONDITIONS = DEBUG;
				SWIFT_OPTIMIZATION_LEVEL = "-Onone";
			};
			name = Debug;
		};
		0A91F83823868E0700C4D20C /* Release */ = {
			isa = XCBuildConfiguration;
			buildSettings = {
				ALWAYS_SEARCH_USER_PATHS = NO;
				CLANG_ANALYZER_NONNULL = YES;
				CLANG_ANALYZER_NUMBER_OBJECT_CONVERSION = YES_AGGRESSIVE;
				CLANG_CXX_LANGUAGE_STANDARD = "gnu++14";
				CLANG_CXX_LIBRARY = "libc++";
				CLANG_ENABLE_MODULES = YES;
				CLANG_ENABLE_OBJC_ARC = YES;
				CLANG_ENABLE_OBJC_WEAK = YES;
				CLANG_WARN_BLOCK_CAPTURE_AUTORELEASING = YES;
				CLANG_WARN_BOOL_CONVERSION = YES;
				CLANG_WARN_COMMA = YES;
				CLANG_WARN_CONSTANT_CONVERSION = YES;
				CLANG_WARN_DEPRECATED_OBJC_IMPLEMENTATIONS = YES;
				CLANG_WARN_DIRECT_OBJC_ISA_USAGE = YES_ERROR;
				CLANG_WARN_DOCUMENTATION_COMMENTS = YES;
				CLANG_WARN_EMPTY_BODY = YES;
				CLANG_WARN_ENUM_CONVERSION = YES;
				CLANG_WARN_INFINITE_RECURSION = YES;
				CLANG_WARN_INT_CONVERSION = YES;
				CLANG_WARN_NON_LITERAL_NULL_CONVERSION = YES;
				CLANG_WARN_OBJC_IMPLICIT_RETAIN_SELF = YES;
				CLANG_WARN_OBJC_LITERAL_CONVERSION = YES;
				CLANG_WARN_OBJC_ROOT_CLASS = YES_ERROR;
				CLANG_WARN_RANGE_LOOP_ANALYSIS = YES;
				CLANG_WARN_STRICT_PROTOTYPES = YES;
				CLANG_WARN_SUSPICIOUS_MOVE = YES;
				CLANG_WARN_UNGUARDED_AVAILABILITY = YES_AGGRESSIVE;
				CLANG_WARN_UNREACHABLE_CODE = YES;
				CLANG_WARN__DUPLICATE_METHOD_MATCH = YES;
				COPY_PHASE_STRIP = NO;
				DEBUG_INFORMATION_FORMAT = "dwarf-with-dsym";
				ENABLE_NS_ASSERTIONS = NO;
				ENABLE_STRICT_OBJC_MSGSEND = YES;
				GCC_C_LANGUAGE_STANDARD = gnu11;
				GCC_NO_COMMON_BLOCKS = YES;
				GCC_WARN_64_TO_32_BIT_CONVERSION = YES;
				GCC_WARN_ABOUT_RETURN_TYPE = YES_ERROR;
				GCC_WARN_UNDECLARED_SELECTOR = YES;
				GCC_WARN_UNINITIALIZED_AUTOS = YES_AGGRESSIVE;
				GCC_WARN_UNUSED_FUNCTION = YES;
				GCC_WARN_UNUSED_VARIABLE = YES;
				IPHONEOS_DEPLOYMENT_TARGET = 13.1;
				MTL_ENABLE_DEBUG_INFO = NO;
				MTL_FAST_MATH = YES;
				SDKROOT = iphoneos;
				SWIFT_COMPILATION_MODE = wholemodule;
				SWIFT_OPTIMIZATION_LEVEL = "-O";
				VALIDATE_PRODUCT = YES;
			};
			name = Release;
		};
		0A91F83A23868E0700C4D20C /* Debug */ = {
			isa = XCBuildConfiguration;
			buildSettings = {
				ASSETCATALOG_COMPILER_APPICON_NAME = AppIcon;
				CODE_SIGN_STYLE = Automatic;
				INFOPLIST_FILE = GMFileReq/Info.plist;
				LD_RUNPATH_SEARCH_PATHS = (
					"$(inherited)",
					"@executable_path/Frameworks",
				);
				PRODUCT_BUNDLE_IDENTIFIER = com.gome.cloud.GMFileReq;
				PRODUCT_NAME = "$(TARGET_NAME)";
				SWIFT_VERSION = 5.0;
				TARGETED_DEVICE_FAMILY = "1,2";
			};
			name = Debug;
		};
		0A91F83B23868E0700C4D20C /* Release */ = {
			isa = XCBuildConfiguration;
			buildSettings = {
				ASSETCATALOG_COMPILER_APPICON_NAME = AppIcon;
				CODE_SIGN_STYLE = Automatic;
				INFOPLIST_FILE = GMFileReq/Info.plist;
				LD_RUNPATH_SEARCH_PATHS = (
					"$(inherited)",
					"@executable_path/Frameworks",
				);
				PRODUCT_BUNDLE_IDENTIFIER = com.gome.cloud.GMFileReq;
				PRODUCT_NAME = "$(TARGET_NAME)";
				SWIFT_VERSION = 5.0;
				TARGETED_DEVICE_FAMILY = "1,2";
			};
			name = Release;
		};
		0A91F83D23868E0700C4D20C /* Debug */ = {
			isa = XCBuildConfiguration;
			buildSettings = {
				ALWAYS_EMBED_SWIFT_STANDARD_LIBRARIES = YES;
				BUNDLE_LOADER = "$(TEST_HOST)";
				CODE_SIGN_STYLE = Automatic;
				INFOPLIST_FILE = GMFileReqTests/Info.plist;
				IPHONEOS_DEPLOYMENT_TARGET = 13.1;
				LD_RUNPATH_SEARCH_PATHS = (
					"$(inherited)",
					"@executable_path/Frameworks",
					"@loader_path/Frameworks",
				);
				PRODUCT_BUNDLE_IDENTIFIER = com.gome.cloud.GMFileReqTests;
				PRODUCT_NAME = "$(TARGET_NAME)";
				SWIFT_VERSION = 5.0;
				TARGETED_DEVICE_FAMILY = "1,2";
				TEST_HOST = "$(BUILT_PRODUCTS_DIR)/GMFileReq.app/GMFileReq";
			};
			name = Debug;
		};
		0A91F83E23868E0700C4D20C /* Release */ = {
			isa = XCBuildConfiguration;
			buildSettings = {
				ALWAYS_EMBED_SWIFT_STANDARD_LIBRARIES = YES;
				BUNDLE_LOADER = "$(TEST_HOST)";
				CODE_SIGN_STYLE = Automatic;
				INFOPLIST_FILE = GMFileReqTests/Info.plist;
				IPHONEOS_DEPLOYMENT_TARGET = 13.1;
				LD_RUNPATH_SEARCH_PATHS = (
					"$(inherited)",
					"@executable_path/Frameworks",
					"@loader_path/Frameworks",
				);
				PRODUCT_BUNDLE_IDENTIFIER = com.gome.cloud.GMFileReqTests;
				PRODUCT_NAME = "$(TARGET_NAME)";
				SWIFT_VERSION = 5.0;
				TARGETED_DEVICE_FAMILY = "1,2";
				TEST_HOST = "$(BUILT_PRODUCTS_DIR)/GMFileReq.app/GMFileReq";
			};
			name = Release;
		};
		0A91F84023868E0700C4D20C /* Debug */ = {
			isa = XCBuildConfiguration;
			buildSettings = {
				ALWAYS_EMBED_SWIFT_STANDARD_LIBRARIES = YES;
				CODE_SIGN_STYLE = Automatic;
				INFOPLIST_FILE = GMFileReqUITests/Info.plist;
				LD_RUNPATH_SEARCH_PATHS = (
					"$(inherited)",
					"@executable_path/Frameworks",
					"@loader_path/Frameworks",
				);
				PRODUCT_BUNDLE_IDENTIFIER = com.gome.cloud.GMFileReqUITests;
				PRODUCT_NAME = "$(TARGET_NAME)";
				SWIFT_VERSION = 5.0;
				TARGETED_DEVICE_FAMILY = "1,2";
				TEST_TARGET_NAME = GMFileReq;
			};
			name = Debug;
		};
		0A91F84123868E0700C4D20C /* Release */ = {
			isa = XCBuildConfiguration;
			buildSettings = {
				ALWAYS_EMBED_SWIFT_STANDARD_LIBRARIES = YES;
				CODE_SIGN_STYLE = Automatic;
				INFOPLIST_FILE = GMFileReqUITests/Info.plist;
				LD_RUNPATH_SEARCH_PATHS = (
					"$(inherited)",
					"@executable_path/Frameworks",
					"@loader_path/Frameworks",
				);
				PRODUCT_BUNDLE_IDENTIFIER = com.gome.cloud.GMFileReqUITests;
				PRODUCT_NAME = "$(TARGET_NAME)";
				SWIFT_VERSION = 5.0;
				TARGETED_DEVICE_FAMILY = "1,2";
				TEST_TARGET_NAME = GMFileReq;
			};
			name = Release;
		};
/* End XCBuildConfiguration section */

/* Begin XCConfigurationList section */
		0A91F80A23868E0300C4D20C /* Build configuration list for PBXProject "GMFileReq" */ = {
			isa = XCConfigurationList;
			buildConfigurations = (
				0A91F83723868E0700C4D20C /* Debug */,
				0A91F83823868E0700C4D20C /* Release */,
			);
			defaultConfigurationIsVisible = 0;
			defaultConfigurationName = Release;
		};
		0A91F83923868E0700C4D20C /* Build configuration list for PBXNativeTarget "GMFileReq" */ = {
			isa = XCConfigurationList;
			buildConfigurations = (
				0A91F83A23868E0700C4D20C /* Debug */,
				0A91F83B23868E0700C4D20C /* Release */,
			);
			defaultConfigurationIsVisible = 0;
			defaultConfigurationName = Release;
		};
		0A91F83C23868E0700C4D20C /* Build configuration list for PBXNativeTarget "GMFileReqTests" */ = {
			isa = XCConfigurationList;
			buildConfigurations = (
				0A91F83D23868E0700C4D20C /* Debug */,
				0A91F83E23868E0700C4D20C /* Release */,
			);
			defaultConfigurationIsVisible = 0;
			defaultConfigurationName = Release;
		};
		0A91F83F23868E0700C4D20C /* Build configuration list for PBXNativeTarget "GMFileReqUITests" */ = {
			isa = XCConfigurationList;
			buildConfigurations = (
				0A91F84023868E0700C4D20C /* Debug */,
				0A91F84123868E0700C4D20C /* Release */,
			);
			defaultConfigurationIsVisible = 0;
			defaultConfigurationName = Release;
		};
/* End XCConfigurationList section */
	};
	rootObject = 0A91F80723868E0300C4D20C /* Project object */;
}
